{
  "lockfileVersion": 1,
  "workspaces": {
    "": {
      "name": "backend-http",
      "dependencies": {
        "@types/express": "^4.17.21",
        "@types/redis": "^4.0.11",
        "express": "^4.19.2",
        "vitest": "^1.6.0",
      },
    },
  },
  "packages": {
    "@esbuild/aix-ppc64": ["@esbuild/aix-ppc64@0.21.5", "", { "os": "aix", "cpu": "ppc64" }, "sha512-1SDgH6ZSPTlggy1yI6+Dbkiz8xzpHJEVAlF/AM1tHPLsf5STom9rwtjE4hKAF20FfXXNTFqEYXyJNWh1GiZedQ=="],

    "@esbuild/android-arm": ["@esbuild/android-arm@0.21.5", "", { "os": "android", "cpu": "arm" }, "sha512-vCPvzSjpPHEi1siZdlvAlsPxXl7WbOVUBBAowWug4rJHb68Ox8KualB+1ocNvT5fjv6wpkX6o/iEpbDrf68zcg=="],

    "@esbuild/android-arm64": ["@esbuild/android-arm64@0.21.5", "", { "os": "android", "cpu": "arm64" }, "sha512-c0uX9VAUBQ7dTDCjq+wdyGLowMdtR/GoC2U5IYk/7D1H1JYC0qseD7+11iMP2mRLN9RcCMRcjC4YMclCzGwS/A=="],

    "@esbuild/android-x64": ["@esbuild/android-x64@0.21.5", "", { "os": "android", "cpu": "x64" }, "sha512-D7aPRUUNHRBwHxzxRvp856rjUHRFW1SdQATKXH2hqA0kAZb1hKmi02OpYRacl0TxIGz/ZmXWlbZgjwWYaCakTA=="],

    "@esbuild/darwin-arm64": ["@esbuild/darwin-arm64@0.21.5", "", { "os": "darwin", "cpu": "arm64" }, "sha512-DwqXqZyuk5AiWWf3UfLiRDJ5EDd49zg6O9wclZ7kUMv2WRFr4HKjXp/5t8JZ11QbQfUS6/cRCKGwYhtNAY88kQ=="],

    "@esbuild/darwin-x64": ["@esbuild/darwin-x64@0.21.5", "", { "os": "darwin", "cpu": "x64" }, "sha512-se/JjF8NlmKVG4kNIuyWMV/22ZaerB+qaSi5MdrXtd6R08kvs2qCN4C09miupktDitvh8jRFflwGFBQcxZRjbw=="],

    "@esbuild/freebsd-arm64": ["@esbuild/freebsd-arm64@0.21.5", "", { "os": "freebsd", "cpu": "arm64" }, "sha512-5JcRxxRDUJLX8JXp/wcBCy3pENnCgBR9bN6JsY4OmhfUtIHe3ZW0mawA7+RDAcMLrMIZaf03NlQiX9DGyB8h4g=="],

    "@esbuild/freebsd-x64": ["@esbuild/freebsd-x64@0.21.5", "", { "os": "freebsd", "cpu": "x64" }, "sha512-J95kNBj1zkbMXtHVH29bBriQygMXqoVQOQYA+ISs0/2l3T9/kj42ow2mpqerRBxDJnmkUDCaQT/dfNXWX/ZZCQ=="],

    "@esbuild/linux-arm": ["@esbuild/linux-arm@0.21.5", "", { "os": "linux", "cpu": "arm" }, "sha512-bPb5AHZtbeNGjCKVZ9UGqGwo8EUu4cLq68E95A53KlxAPRmUyYv2D6F0uUI65XisGOL1hBP5mTronbgo+0bFcA=="],

    "@esbuild/linux-arm64": ["@esbuild/linux-arm64@0.21.5", "", { "os": "linux", "cpu": "arm64" }, "sha512-ibKvmyYzKsBeX8d8I7MH/TMfWDXBF3db4qM6sy+7re0YXya+K1cem3on9XgdT2EQGMu4hQyZhan7TeQ8XkGp4Q=="],

    "@esbuild/linux-ia32": ["@esbuild/linux-ia32@0.21.5", "", { "os": "linux", "cpu": "ia32" }, "sha512-YvjXDqLRqPDl2dvRODYmmhz4rPeVKYvppfGYKSNGdyZkA01046pLWyRKKI3ax8fbJoK5QbxblURkwK/MWY18Tg=="],

    "@esbuild/linux-loong64": ["@esbuild/linux-loong64@0.21.5", "", { "os": "linux", "cpu": "none" }, "sha512-uHf1BmMG8qEvzdrzAqg2SIG/02+4/DHB6a9Kbya0XDvwDEKCoC8ZRWI5JJvNdUjtciBGFQ5PuBlpEOXQj+JQSg=="],

    "@esbuild/linux-mips64el": ["@esbuild/linux-mips64el@0.21.5", "", { "os": "linux", "cpu": "none" }, "sha512-IajOmO+KJK23bj52dFSNCMsz1QP1DqM6cwLUv3W1QwyxkyIWecfafnI555fvSGqEKwjMXVLokcV5ygHW5b3Jbg=="],

    "@esbuild/linux-ppc64": ["@esbuild/linux-ppc64@0.21.5", "", { "os": "linux", "cpu": "ppc64" }, "sha512-1hHV/Z4OEfMwpLO8rp7CvlhBDnjsC3CttJXIhBi+5Aj5r+MBvy4egg7wCbe//hSsT+RvDAG7s81tAvpL2XAE4w=="],

    "@esbuild/linux-riscv64": ["@esbuild/linux-riscv64@0.21.5", "", { "os": "linux", "cpu": "none" }, "sha512-2HdXDMd9GMgTGrPWnJzP2ALSokE/0O5HhTUvWIbD3YdjME8JwvSCnNGBnTThKGEB91OZhzrJ4qIIxk/SBmyDDA=="],

    "@esbuild/linux-s390x": ["@esbuild/linux-s390x@0.21.5", "", { "os": "linux", "cpu": "s390x" }, "sha512-zus5sxzqBJD3eXxwvjN1yQkRepANgxE9lgOW2qLnmr8ikMTphkjgXu1HR01K4FJg8h1kEEDAqDcZQtbrRnB41A=="],

    "@esbuild/linux-x64": ["@esbuild/linux-x64@0.21.5", "", { "os": "linux", "cpu": "x64" }, "sha512-1rYdTpyv03iycF1+BhzrzQJCdOuAOtaqHTWJZCWvijKD2N5Xu0TtVC8/+1faWqcP9iBCWOmjmhoH94dH82BxPQ=="],

    "@esbuild/netbsd-x64": ["@esbuild/netbsd-x64@0.21.5", "", { "os": "none", "cpu": "x64" }, "sha512-Woi2MXzXjMULccIwMnLciyZH4nCIMpWQAs049KEeMvOcNADVxo0UBIQPfSmxB3CWKedngg7sWZdLvLczpe0tLg=="],

    "@esbuild/openbsd-x64": ["@esbuild/openbsd-x64@0.21.5", "", { "os": "openbsd", "cpu": "x64" }, "sha512-HLNNw99xsvx12lFBUwoT8EVCsSvRNDVxNpjZ7bPn947b8gJPzeHWyNVhFsaerc0n3TsbOINvRP2byTZ5LKezow=="],

    "@esbuild/sunos-x64": ["@esbuild/sunos-x64@0.21.5", "", { "os": "sunos", "cpu": "x64" }, "sha512-6+gjmFpfy0BHU5Tpptkuh8+uw3mnrvgs+dSPQXQOv3ekbordwnzTVEb4qnIvQcYXq6gzkyTnoZ9dZG+D4garKg=="],

    "@esbuild/win32-arm64": ["@esbuild/win32-arm64@0.21.5", "", { "os": "win32", "cpu": "arm64" }, "sha512-Z0gOTd75VvXqyq7nsl93zwahcTROgqvuAcYDUr+vOv8uHhNSKROyU961kgtCD1e95IqPKSQKH7tBTslnS3tA8A=="],

    "@esbuild/win32-ia32": ["@esbuild/win32-ia32@0.21.5", "", { "os": "win32", "cpu": "ia32" }, "sha512-SWXFF1CL2RVNMaVs+BBClwtfZSvDgtL//G/smwAc5oVK/UPu2Gu9tIaRgFmYFFKrmg3SyAjSrElf0TiJ1v8fYA=="],

    "@esbuild/win32-x64": ["@esbuild/win32-x64@0.21.5", "", { "os": "win32", "cpu": "x64" }, "sha512-tQd/1efJuzPC6rCFwEvLtci/xNFcTZknmXs98FYDfGE4wP9ClFV98nyKrzJKVPMhdDnjzLhdUyMX4PsQAPjwIw=="],

    "@jest/schemas": ["@jest/schemas@29.6.3", "", { "dependencies": { "@sinclair/typebox": "^0.27.8" } }, "sha512-mo5j5X+jIZmJQveBKeS/clAueipV7KgiX1vMgCxam1RNYiqE1w62n0/tJJnHtjW8ZHcQco5gY85jA3mi0L+nSA=="],

    "@jridgewell/sourcemap-codec": ["@jridgewell/sourcemap-codec@1.4.15", "", {}, "sha512-eF2rxCRulEKXHTRiDrDy6erMYWqNw4LPdQ8UQA4huuxaQsVeRPFl2oM8oDGxMFhJUWZf9McpLtJasDDZb/Bpeg=="],

    "@redis/bloom": ["@redis/bloom@1.2.0", "", { "peerDependencies": { "@redis/client": "^1.0.0" } }, "sha512-HG2DFjYKbpNmVXsa0keLHp/3leGJz1mjh09f2RLGGLQZzSHpkmZWuwJbAvo3QcRY8p80m5+ZdXZdYOSBLlp7Cg=="],

    "@redis/client": ["@redis/client@1.5.16", "", { "dependencies": { "cluster-key-slot": "1.1.2", "generic-pool": "3.9.0", "yallist": "4.0.0" } }, "sha512-X1a3xQ5kEMvTib5fBrHKh6Y+pXbeKXqziYuxOUo1ojQNECg4M5Etd1qqyhMap+lFUOAh8S7UYevgJHOm4A+NOg=="],

    "@redis/graph": ["@redis/graph@1.1.1", "", { "peerDependencies": { "@redis/client": "^1.0.0" } }, "sha512-FEMTcTHZozZciLRl6GiiIB4zGm5z5F3F6a6FZCyrfxdKOhFlGkiAqlexWMBzCi4DcRoyiOsuLfW+cjlGWyExOw=="],

    "@redis/json": ["@redis/json@1.0.6", "", { "peerDependencies": { "@redis/client": "^1.0.0" } }, "sha512-rcZO3bfQbm2zPRpqo82XbW8zg4G/w4W3tI7X8Mqleq9goQjAGLL7q/1n1ZX4dXEAmORVZ4s1+uKLaUOg7LrUhw=="],

    "@redis/search": ["@redis/search@1.1.6", "", { "peerDependencies": { "@redis/client": "^1.0.0" } }, "sha512-mZXCxbTYKBQ3M2lZnEddwEAks0Kc7nauire8q20oA0oA/LoA+E/b5Y5KZn232ztPb1FkIGqo12vh3Lf+Vw5iTw=="],

    "@redis/time-series": ["@redis/time-series@1.0.5", "", { "peerDependencies": { "@redis/client": "^1.0.0" } }, "sha512-IFjIgTusQym2B5IZJG3XKr5llka7ey84fw/NOYqESP5WUfQs9zz1ww/9+qoz4ka/S6KcGBodzlCeZ5UImKbscg=="],

    "@rollup/rollup-android-arm-eabi": ["@rollup/rollup-android-arm-eabi@4.18.0", "", { "os": "android", "cpu": "arm" }, "sha512-Tya6xypR10giZV1XzxmH5wr25VcZSncG0pZIjfePT0OVBvqNEurzValetGNarVrGiq66EBVAFn15iYX4w6FKgQ=="],

    "@rollup/rollup-android-arm64": ["@rollup/rollup-android-arm64@4.18.0", "", { "os": "android", "cpu": "arm64" }, "sha512-avCea0RAP03lTsDhEyfy+hpfr85KfyTctMADqHVhLAF3MlIkq83CP8UfAHUssgXTYd+6er6PaAhx/QGv4L1EiA=="],

    "@rollup/rollup-darwin-arm64": ["@rollup/rollup-darwin-arm64@4.18.0", "", { "os": "darwin", "cpu": "arm64" }, "sha512-IWfdwU7KDSm07Ty0PuA/W2JYoZ4iTj3TUQjkVsO/6U+4I1jN5lcR71ZEvRh52sDOERdnNhhHU57UITXz5jC1/w=="],

    "@rollup/rollup-darwin-x64": ["@rollup/rollup-darwin-x64@4.18.0", "", { "os": "darwin", "cpu": "x64" }, "sha512-n2LMsUz7Ynu7DoQrSQkBf8iNrjOGyPLrdSg802vk6XT3FtsgX6JbE8IHRvposskFm9SNxzkLYGSq9QdpLYpRNA=="],

    "@rollup/rollup-linux-arm-gnueabihf": ["@rollup/rollup-linux-arm-gnueabihf@4.18.0", "", { "os": "linux", "cpu": "arm" }, "sha512-C/zbRYRXFjWvz9Z4haRxcTdnkPt1BtCkz+7RtBSuNmKzMzp3ZxdM28Mpccn6pt28/UWUCTXa+b0Mx1k3g6NOMA=="],

    "@rollup/rollup-linux-arm-musleabihf": ["@rollup/rollup-linux-arm-musleabihf@4.18.0", "", { "os": "linux", "cpu": "arm" }, "sha512-l3m9ewPgjQSXrUMHg93vt0hYCGnrMOcUpTz6FLtbwljo2HluS4zTXFy2571YQbisTnfTKPZ01u/ukJdQTLGh9A=="],

    "@rollup/rollup-linux-arm64-gnu": ["@rollup/rollup-linux-arm64-gnu@4.18.0", "", { "os": "linux", "cpu": "arm64" }, "sha512-rJ5D47d8WD7J+7STKdCUAgmQk49xuFrRi9pZkWoRD1UeSMakbcepWXPF8ycChBoAqs1pb2wzvbY6Q33WmN2ftw=="],

    "@rollup/rollup-linux-arm64-musl": ["@rollup/rollup-linux-arm64-musl@4.18.0", "", { "os": "linux", "cpu": "arm64" }, "sha512-be6Yx37b24ZwxQ+wOQXXLZqpq4jTckJhtGlWGZs68TgdKXJgw54lUUoFYrg6Zs/kjzAQwEwYbp8JxZVzZLRepQ=="],

    "@rollup/rollup-linux-powerpc64le-gnu": ["@rollup/rollup-linux-powerpc64le-gnu@4.18.0", "", { "os": "linux", "cpu": "ppc64" }, "sha512-hNVMQK+qrA9Todu9+wqrXOHxFiD5YmdEi3paj6vP02Kx1hjd2LLYR2eaN7DsEshg09+9uzWi2W18MJDlG0cxJA=="],

    "@rollup/rollup-linux-riscv64-gnu": ["@rollup/rollup-linux-riscv64-gnu@4.18.0", "", { "os": "linux", "cpu": "none" }, "sha512-ROCM7i+m1NfdrsmvwSzoxp9HFtmKGHEqu5NNDiZWQtXLA8S5HBCkVvKAxJ8U+CVctHwV2Gb5VUaK7UAkzhDjlg=="],

    "@rollup/rollup-linux-s390x-gnu": ["@rollup/rollup-linux-s390x-gnu@4.18.0", "", { "os": "linux", "cpu": "s390x" }, "sha512-0UyyRHyDN42QL+NbqevXIIUnKA47A+45WyasO+y2bGJ1mhQrfrtXUpTxCOrfxCR4esV3/RLYyucGVPiUsO8xjg=="],

    "@rollup/rollup-linux-x64-gnu": ["@rollup/rollup-linux-x64-gnu@4.18.0", "", { "os": "linux", "cpu": "x64" }, "sha512-xuglR2rBVHA5UsI8h8UbX4VJ470PtGCf5Vpswh7p2ukaqBGFTnsfzxUBetoWBWymHMxbIG0Cmx7Y9qDZzr648w=="],

    "@rollup/rollup-linux-x64-musl": ["@rollup/rollup-linux-x64-musl@4.18.0", "", { "os": "linux", "cpu": "x64" }, "sha512-LKaqQL9osY/ir2geuLVvRRs+utWUNilzdE90TpyoX0eNqPzWjRm14oMEE+YLve4k/NAqCdPkGYDaDF5Sw+xBfg=="],

    "@rollup/rollup-win32-arm64-msvc": ["@rollup/rollup-win32-arm64-msvc@4.18.0", "", { "os": "win32", "cpu": "arm64" }, "sha512-7J6TkZQFGo9qBKH0pk2cEVSRhJbL6MtfWxth7Y5YmZs57Pi+4x6c2dStAUvaQkHQLnEQv1jzBUW43GvZW8OFqA=="],

    "@rollup/rollup-win32-ia32-msvc": ["@rollup/rollup-win32-ia32-msvc@4.18.0", "", { "os": "win32", "cpu": "ia32" }, "sha512-Txjh+IxBPbkUB9+SXZMpv+b/vnTEtFyfWZgJ6iyCmt2tdx0OF5WhFowLmnh8ENGNpfUlUZkdI//4IEmhwPieNg=="],

    "@rollup/rollup-win32-x64-msvc": ["@rollup/rollup-win32-x64-msvc@4.18.0", "", { "os": "win32", "cpu": "x64" }, "sha512-UOo5FdvOL0+eIVTgS4tIdbW+TtnBLWg1YBCcU2KWM7nuNwRz9bksDX1bekJJCpu25N1DVWaCwnT39dVQxzqS8g=="],

    "@sinclair/typebox": ["@sinclair/typebox@0.27.8", "", {}, "sha512-+Fj43pSMwJs4KRrH/938Uf+uAELIgVBmQzg/q1YG10djyfA3TnrU8N8XzqCh/okZdszqBQTZf96idMfE5lnwTA=="],

    "@types/body-parser": ["@types/body-parser@1.19.5", "", { "dependencies": { "@types/connect": "*", "@types/node": "*" } }, "sha512-fB3Zu92ucau0iQ0JMCFQE7b/dv8Ot07NI3KaZIkIUNXq82k4eBAqUaneXfleGY9JWskeS9y+u0nXMyspcuQrCg=="],

    "@types/connect": ["@types/connect@3.4.38", "", { "dependencies": { "@types/node": "*" } }, "sha512-K6uROf1LD88uDQqJCktA4yzL1YYAK6NgfsI0v/mTgyPKWsX1CnJ0XPSDhViejru1GcRkLWb8RlzFYJRqGUbaug=="],

    "@types/estree": ["@types/estree@1.0.5", "", {}, "sha512-/kYRxGDLWzHOB7q+wtSUQlFrtcdUccpfy+X+9iMBpHK8QLLhx2wIPYuS5DYtR9Wa/YlZAbIovy7qVdB1Aq6Lyw=="],

    "@types/express": ["@types/express@4.17.21", "", { "dependencies": { "@types/body-parser": "*", "@types/express-serve-static-core": "^4.17.33", "@types/qs": "*", "@types/serve-static": "*" } }, "sha512-ejlPM315qwLpaQlQDTjPdsUFSc6ZsP4AN6AlWnogPjQ7CVi7PYF3YVz+CY3jE2pwYf7E/7HlDAN0rV2GxTG0HQ=="],

    "@types/express-serve-static-core": ["@types/express-serve-static-core@4.19.5", "", { "dependencies": { "@types/node": "*", "@types/qs": "*", "@types/range-parser": "*", "@types/send": "*" } }, "sha512-y6W03tvrACO72aijJ5uF02FRq5cgDR9lUxddQ8vyF+GvmjJQqbzDcJngEjURc+ZsG31VI3hODNZJ2URj86pzmg=="],

    "@types/http-errors": ["@types/http-errors@2.0.4", "", {}, "sha512-D0CFMMtydbJAegzOyHjtiKPLlvnm3iTZyZRSZoLq2mRhDdmLfIWOCYPfQJ4cu2erKghU++QvjcUjp/5h7hESpA=="],

    "@types/mime": ["@types/mime@1.3.5", "", {}, "sha512-/pyBZWSLD2n0dcHE3hq8s8ZvcETHtEuF+3E7XVt0Ig2nvsVQXdghHVcEkIWjy9A0wKfTn97a/PSDYohKIlnP/w=="],

    "@types/node": ["@types/node@20.14.9", "", { "dependencies": { "undici-types": "~5.26.4" } }, "sha512-06OCtnTXtWOZBJlRApleWndH4JsRVs1pDCc8dLSQp+7PpUpX3ePdHyeNSFTeSe7FtKyQkrlPvHwJOW3SLd8Oyg=="],

    "@types/qs": ["@types/qs@6.9.15", "", {}, "sha512-uXHQKES6DQKKCLh441Xv/dwxOq1TVS3JPUMlEqoEglvlhR6Mxnlew/Xq/LRVHpLyk7iK3zODe1qYHIMltO7XGg=="],

    "@types/range-parser": ["@types/range-parser@1.2.7", "", {}, "sha512-hKormJbkJqzQGhziax5PItDUTMAM9uE2XXQmM37dyd4hVM+5aVl7oVxMVUiVQn2oCQFN/LKCZdvSM0pFRqbSmQ=="],

    "@types/redis": ["@types/redis@4.0.11", "", { "dependencies": { "redis": "*" } }, "sha512-bI+gth8La8Wg/QCR1+V1fhrL9+LZUSWfcqpOj2Kc80ZQ4ffbdL173vQd5wovmoV9i071FU9oP2g6etLuEwb6Rg=="],

    "@types/send": ["@types/send@0.17.4", "", { "dependencies": { "@types/mime": "^1", "@types/node": "*" } }, "sha512-x2EM6TJOybec7c52BX0ZspPodMsQUd5L6PRwOunVyVUhXiBSKf3AezDL8Dgvgt5o0UfKNfuA0eMLr2wLT4AiBA=="],

    "@types/serve-static": ["@types/serve-static@1.15.7", "", { "dependencies": { "@types/http-errors": "*", "@types/node": "*", "@types/send": "*" } }, "sha512-W8Ym+h8nhuRwaKPaDw34QUkwsGi6Rc4yYqvKFo5rm2FUEhCFbzVWrxXUxuKK8TASjWsysJY0nsmNCGhCOIsrOw=="],

    "@vitest/expect": ["@vitest/expect@1.6.0", "", { "dependencies": { "@vitest/spy": "1.6.0", "@vitest/utils": "1.6.0", "chai": "^4.3.10" } }, "sha512-ixEvFVQjycy/oNgHjqsL6AZCDduC+tflRluaHIzKIsdbzkLn2U/iBnVeJwB6HsIjQBdfMR8Z0tRxKUsvFJEeWQ=="],

    "@vitest/runner": ["@vitest/runner@1.6.0", "", { "dependencies": { "@vitest/utils": "1.6.0", "p-limit": "^5.0.0", "pathe": "^1.1.1" } }, "sha512-P4xgwPjwesuBiHisAVz/LSSZtDjOTPYZVmNAnpHHSR6ONrf8eCJOFRvUwdHn30F5M1fxhqtl7QZQUk2dprIXAg=="],

    "@vitest/snapshot": ["@vitest/snapshot@1.6.0", "", { "dependencies": { "magic-string": "^0.30.5", "pathe": "^1.1.1", "pretty-format": "^29.7.0" } }, "sha512-+Hx43f8Chus+DCmygqqfetcAZrDJwvTj0ymqjQq4CvmpKFSTVteEOBzCusu1x2tt4OJcvBflyHUE0DZSLgEMtQ=="],

    "@vitest/spy": ["@vitest/spy@1.6.0", "", { "dependencies": { "tinyspy": "^2.2.0" } }, "sha512-leUTap6B/cqi/bQkXUu6bQV5TZPx7pmMBKBQiI0rJA8c3pB56ZsaTbREnF7CJfmvAS4V2cXIBAh/3rVwrrCYgw=="],

    "@vitest/utils": ["@vitest/utils@1.6.0", "", { "dependencies": { "diff-sequences": "^29.6.3", "estree-walker": "^3.0.3", "loupe": "^2.3.7", "pretty-format": "^29.7.0" } }, "sha512-21cPiuGMoMZwiOHa2i4LXkMkMkCGzA+MVFV70jRwHo95dL4x/ts5GZhML1QWuy7yfp3WzK3lRvZi3JnXTYqrBw=="],

    "accepts": ["accepts@1.3.8", "", { "dependencies": { "mime-types": "~2.1.34", "negotiator": "0.6.3" } }, "sha512-PYAthTa2m2VKxuvSD3DPC/Gy+U+sOA1LAuT8mkmRuvw+NACSaeXEQ+NHcVF7rONl6qcaxV3Uuemwawk+7+SJLw=="],

    "acorn": ["acorn@8.12.0", "", { "bin": "bin/acorn" }, "sha512-RTvkC4w+KNXrM39/lWCUaG0IbRkWdCv7W/IOW9oU6SawyxulvkQy5HQPVTKxEjczcUvapcrw3cFx/60VN/NRNw=="],

    "acorn-walk": ["acorn-walk@8.3.3", "", { "dependencies": { "acorn": "^8.11.0" } }, "sha512-MxXdReSRhGO7VlFe1bRG/oI7/mdLV9B9JJT0N8vZOhF7gFRR5l3M8W9G8JxmKV+JC5mGqJ0QvqfSOLsCPa4nUw=="],

    "ansi-styles": ["ansi-styles@5.2.0", "", {}, "sha512-Cxwpt2SfTzTtXcfOlzGEee8O+c+MmUgGrNiBcXnuWxuFJHe6a5Hz7qwhwe5OgaSYI0IJvkLqWX1ASG+cJOkEiA=="],

    "array-flatten": ["array-flatten@1.1.1", "", {}, "sha512-PCVAQswWemu6UdxsDFFX/+gVeYqKAod3D3UVm91jHwynguOwAvYPhx8nNlM++NqRcK6CxxpUafjmhIdKiHibqg=="],

    "assertion-error": ["assertion-error@1.1.0", "", {}, "sha512-jgsaNduz+ndvGyFt3uSuWqvy4lCnIJiovtouQN5JZHOKCS2QuhEdbcQHFhVksz2N2U9hXJo8odG7ETyWlEeuDw=="],

    "body-parser": ["body-parser@1.20.2", "", { "dependencies": { "bytes": "3.1.2", "content-type": "~1.0.5", "debug": "2.6.9", "depd": "2.0.0", "destroy": "1.2.0", "http-errors": "2.0.0", "iconv-lite": "0.4.24", "on-finished": "2.4.1", "qs": "6.11.0", "raw-body": "2.5.2", "type-is": "~1.6.18", "unpipe": "1.0.0" } }, "sha512-ml9pReCu3M61kGlqoTm2umSXTlRTuGTx0bfYj+uIUKKYycG5NtSbeetV3faSU6R7ajOPw0g/J1PvK4qNy7s5bA=="],

    "bytes": ["bytes@3.1.2", "", {}, "sha512-/Nf7TyzTx6S3yRJObOAV7956r8cr2+Oj8AC5dt8wSP3BQAoeX58NoHyCU8P8zGkNXStjTSi6fzO6F0pBdcYbEg=="],

    "cac": ["cac@6.7.14", "", {}, "sha512-b6Ilus+c3RrdDk+JhLKUAQfzzgLEPy6wcXqS7f/xe1EETvsDP6GORG7SFuOs6cID5YkqchW/LXZbX5bc8j7ZcQ=="],

    "call-bind": ["call-bind@1.0.7", "", { "dependencies": { "es-define-property": "^1.0.0", "es-errors": "^1.3.0", "function-bind": "^1.1.2", "get-intrinsic": "^1.2.4", "set-function-length": "^1.2.1" } }, "sha512-GHTSNSYICQ7scH7sZ+M2rFopRoLh8t2bLSW6BbgrtLsahOIB5iyAVJf9GjWK3cYTDaMj4XdBpM1cA6pIS0Kv2w=="],

    "chai": ["chai@4.4.1", "", { "dependencies": { "assertion-error": "^1.1.0", "check-error": "^1.0.3", "deep-eql": "^4.1.3", "get-func-name": "^2.0.2", "loupe": "^2.3.6", "pathval": "^1.1.1", "type-detect": "^4.0.8" } }, "sha512-13sOfMv2+DWduEU+/xbun3LScLoqN17nBeTLUsmDfKdoiC1fr0n9PU4guu4AhRcOVFk/sW8LyZWHuhWtQZiF+g=="],

    "check-error": ["check-error@1.0.3", "", { "dependencies": { "get-func-name": "^2.0.2" } }, "sha512-iKEoDYaRmd1mxM90a2OEfWhjsjPpYPuQ+lMYsoxB126+t8fw7ySEO48nmDg5COTjxDI65/Y2OWpeEHk3ZOe8zg=="],

    "cluster-key-slot": ["cluster-key-slot@1.1.2", "", {}, "sha512-RMr0FhtfXemyinomL4hrWcYJxmX6deFdCxpJzhDttxgO1+bcCnkk+9drydLVDmAMG7NE6aN/fl4F7ucU/90gAA=="],

    "confbox": ["confbox@0.1.7", "", {}, "sha512-uJcB/FKZtBMCJpK8MQji6bJHgu1tixKPxRLeGkNzBoOZzpnZUJm0jm2/sBDWcuBx1dYgxV4JU+g5hmNxCyAmdA=="],

    "content-disposition": ["content-disposition@0.5.4", "", { "dependencies": { "safe-buffer": "5.2.1" } }, "sha512-FveZTNuGw04cxlAiWbzi6zTAL/lhehaWbTtgluJh4/E95DqMwTmha3KZN1aAWA8cFIhHzMZUvLevkw5Rqk+tSQ=="],

    "content-type": ["content-type@1.0.5", "", {}, "sha512-nTjqfcBFEipKdXCv4YDQWCfmcLZKm81ldF0pAopTvyrFGVbcR6P/VAAd5G7N+0tTr8QqiU0tFadD6FK4NtJwOA=="],

    "cookie": ["cookie@0.6.0", "", {}, "sha512-U71cyTamuh1CRNCfpGY6to28lxvNwPG4Guz/EVjgf3Jmzv0vlDp1atT9eS5dDjMYHucpHbWns6Lwf3BKz6svdw=="],

    "cookie-signature": ["cookie-signature@1.0.6", "", {}, "sha512-QADzlaHc8icV8I7vbaJXJwod9HWYp8uCqf1xa4OfNu1T7JVxQIrUgOWtHdNDtPiywmFbiS12VjotIXLrKM3orQ=="],

    "cross-spawn": ["cross-spawn@7.0.3", "", { "dependencies": { "path-key": "^3.1.0", "shebang-command": "^2.0.0", "which": "^2.0.1" } }, "sha512-iRDPJKUPVEND7dHPO8rkbOnPpyDygcDFtWjpeWNCgy8WP2rXcxXL8TskReQl6OrB2G7+UJrags1q15Fudc7G6w=="],

    "debug": ["debug@2.6.9", "", { "dependencies": { "ms": "2.0.0" } }, "sha512-bC7ElrdJaJnPbAP+1EotYvqZsb3ecl5wi6Bfi6BJTUcNowp6cvspg0jXznRTKDjm/E7AdgFBVeAPVMNcKGsHMA=="],

    "deep-eql": ["deep-eql@4.1.4", "", { "dependencies": { "type-detect": "^4.0.0" } }, "sha512-SUwdGfqdKOwxCPeVYjwSyRpJ7Z+fhpwIAtmCUdZIWZ/YP5R9WAsyuSgpLVDi9bjWoN2LXHNss/dk3urXtdQxGg=="],

    "define-data-property": ["define-data-property@1.1.4", "", { "dependencies": { "es-define-property": "^1.0.0", "es-errors": "^1.3.0", "gopd": "^1.0.1" } }, "sha512-rBMvIzlpA8v6E+SJZoo++HAYqsLrkg7MSfIinMPFhmkorw7X+dOXVJQs+QT69zGkzMyfDnIMN2Wid1+NbL3T+A=="],

    "depd": ["depd@2.0.0", "", {}, "sha512-g7nH6P6dyDioJogAAGprGpCtVImJhpPk/roCzdb3fIh61/s/nPsfR6onyMwkCAR/OlC3yBC0lESvUoQEAssIrw=="],

    "destroy": ["destroy@1.2.0", "", {}, "sha512-2sJGJTaXIIaR1w4iJSNoN0hnMY7Gpc/n8D4qSCJw8QqFWXf7cuAgnEHxBpweaVcPevC2l3KpjYCx3NypQQgaJg=="],

    "diff-sequences": ["diff-sequences@29.6.3", "", {}, "sha512-EjePK1srD3P08o2j4f0ExnylqRs5B9tJjcp9t1krH2qRi8CCdsYfwe9JgSLurFBWwq4uOlipzfk5fHNvwFKr8Q=="],

    "ee-first": ["ee-first@1.1.1", "", {}, "sha512-WMwm9LhRUo+WUaRN+vRuETqG89IgZphVSNkdFgeb6sS/E4OrDIN7t48CAewSHXc6C8lefD8KKfr5vY61brQlow=="],

    "encodeurl": ["encodeurl@1.0.2", "", {}, "sha512-TPJXq8JqFaVYm2CWmPvnP2Iyo4ZSM7/QKcSmuMLDObfpH5fi7RUGmd/rTDf+rut/saiDiQEeVTNgAmJEdAOx0w=="],

    "es-define-property": ["es-define-property@1.0.0", "", { "dependencies": { "get-intrinsic": "^1.2.4" } }, "sha512-jxayLKShrEqqzJ0eumQbVhTYQM27CfT1T35+gCgDFoL82JLsXqTJ76zv6A0YLOgEnLUMvLzsDsGIrl8NFpT2gQ=="],

    "es-errors": ["es-errors@1.3.0", "", {}, "sha512-Zf5H2Kxt2xjTvbJvP2ZWLEICxA6j+hAmMzIlypy4xcBg1vKVnx89Wy0GbS+kf5cwCVFFzdCFh2XSCFNULS6csw=="],

    "esbuild": ["esbuild@0.21.5", "", { "optionalDependencies": { "@esbuild/aix-ppc64": "0.21.5", "@esbuild/android-arm": "0.21.5", "@esbuild/android-arm64": "0.21.5", "@esbuild/android-x64": "0.21.5", "@esbuild/darwin-arm64": "0.21.5", "@esbuild/darwin-x64": "0.21.5", "@esbuild/freebsd-arm64": "0.21.5", "@esbuild/freebsd-x64": "0.21.5", "@esbuild/linux-arm": "0.21.5", "@esbuild/linux-arm64": "0.21.5", "@esbuild/linux-ia32": "0.21.5", "@esbuild/linux-loong64": "0.21.5", "@esbuild/linux-mips64el": "0.21.5", "@esbuild/linux-ppc64": "0.21.5", "@esbuild/linux-riscv64": "0.21.5", "@esbuild/linux-s390x": "0.21.5", "@esbuild/linux-x64": "0.21.5", "@esbuild/netbsd-x64": "0.21.5", "@esbuild/openbsd-x64": "0.21.5", "@esbuild/sunos-x64": "0.21.5", "@esbuild/win32-arm64": "0.21.5", "@esbuild/win32-ia32": "0.21.5", "@esbuild/win32-x64": "0.21.5" }, "bin": "bin/esbuild" }, "sha512-mg3OPMV4hXywwpoDxu3Qda5xCKQi+vCTZq8S9J/EpkhB2HzKXq4SNFZE3+NK93JYxc8VMSep+lOUSC/RVKaBqw=="],

    "escape-html": ["escape-html@1.0.3", "", {}, "sha512-NiSupZ4OeuGwr68lGIeym/ksIZMJodUGOSCZ/FSnTxcrekbvqrgdUxlJOMpijaKZVjAJrWrGs/6Jy8OMuyj9ow=="],

    "estree-walker": ["estree-walker@3.0.3", "", { "dependencies": { "@types/estree": "^1.0.0" } }, "sha512-7RUKfXgSMMkzt6ZuXmqapOurLGPPfgj6l9uRZ7lRGolvk0y2yocc35LdcxKC5PQZdn2DMqioAQ2NoWcrTKmm6g=="],

    "etag": ["etag@1.8.1", "", {}, "sha512-aIL5Fx7mawVa300al2BnEE4iNvo1qETxLrPI/o05L7z6go7fCw1J6EQmbK4FmJ2AS7kgVF/KEZWufBfdClMcPg=="],

    "execa": ["execa@8.0.1", "", { "dependencies": { "cross-spawn": "^7.0.3", "get-stream": "^8.0.1", "human-signals": "^5.0.0", "is-stream": "^3.0.0", "merge-stream": "^2.0.0", "npm-run-path": "^5.1.0", "onetime": "^6.0.0", "signal-exit": "^4.1.0", "strip-final-newline": "^3.0.0" } }, "sha512-VyhnebXciFV2DESc+p6B+y0LjSm0krU4OgJN44qFAhBY0TJ+1V61tYD2+wHusZ6F9n5K+vl8k0sTy7PEfV4qpg=="],

    "express": ["express@4.19.2", "", { "dependencies": { "accepts": "~1.3.8", "array-flatten": "1.1.1", "body-parser": "1.20.2", "content-disposition": "0.5.4", "content-type": "~1.0.4", "cookie": "0.6.0", "cookie-signature": "1.0.6", "debug": "2.6.9", "depd": "2.0.0", "encodeurl": "~1.0.2", "escape-html": "~1.0.3", "etag": "~1.8.1", "finalhandler": "1.2.0", "fresh": "0.5.2", "http-errors": "2.0.0", "merge-descriptors": "1.0.1", "methods": "~1.1.2", "on-finished": "2.4.1", "parseurl": "~1.3.3", "path-to-regexp": "0.1.7", "proxy-addr": "~2.0.7", "qs": "6.11.0", "range-parser": "~1.2.1", "safe-buffer": "5.2.1", "send": "0.18.0", "serve-static": "1.15.0", "setprototypeof": "1.2.0", "statuses": "2.0.1", "type-is": "~1.6.18", "utils-merge": "1.0.1", "vary": "~1.1.2" } }, "sha512-5T6nhjsT+EOMzuck8JjBHARTHfMht0POzlA60WV2pMD3gyXw2LZnZ+ueGdNxG+0calOJcWKbpFcuzLZ91YWq9Q=="],

    "finalhandler": ["finalhandler@1.2.0", "", { "dependencies": { "debug": "2.6.9", "encodeurl": "~1.0.2", "escape-html": "~1.0.3", "on-finished": "2.4.1", "parseurl": "~1.3.3", "statuses": "2.0.1", "unpipe": "~1.0.0" } }, "sha512-5uXcUVftlQMFnWC9qu/svkWv3GTd2PfUhK/3PLkYNAe7FbqJMt3515HaxE6eRL74GdsriiwujiawdaB1BpEISg=="],

    "forwarded": ["forwarded@0.2.0", "", {}, "sha512-buRG0fpBtRHSTCOASe6hD258tEubFoRLb4ZNA6NxMVHNw2gOcwHo9wyablzMzOA5z9xA9L1KNjk/Nt6MT9aYow=="],

    "fresh": ["fresh@0.5.2", "", {}, "sha512-zJ2mQYM18rEFOudeV4GShTGIQ7RbzA7ozbU9I/XBpm7kqgMywgmylMwXHxZJmkVoYkna9d2pVXVXPdYTP9ej8Q=="],

    "fsevents": ["fsevents@2.3.3", "", { "os": "darwin" }, "sha512-5xoDfX+fL7faATnagmWPpbFtwh/R77WmMMqqHGS65C3vvB0YHrgF+B1YmZ3441tMj5n63k0212XNoJwzlhffQw=="],

    "function-bind": ["function-bind@1.1.2", "", {}, "sha512-7XHNxH7qX9xG5mIwxkhumTox/MIRNcOgDrxWsMt2pAr23WHp6MrRlN7FBSFpCpr+oVO0F744iUgR82nJMfG2SA=="],

    "generic-pool": ["generic-pool@3.9.0", "", {}, "sha512-hymDOu5B53XvN4QT9dBmZxPX4CWhBPPLguTZ9MMFeFa/Kg0xWVfylOVNlJji/E7yTZWFd/q9GO5TxDLq156D7g=="],

    "get-func-name": ["get-func-name@2.0.2", "", {}, "sha512-8vXOvuE167CtIc3OyItco7N/dpRtBbYOsPsXCz7X/PMnlGjYjSGuZJgM1Y7mmew7BKf9BqvLX2tnOVy1BBUsxQ=="],

    "get-intrinsic": ["get-intrinsic@1.2.4", "", { "dependencies": { "es-errors": "^1.3.0", "function-bind": "^1.1.2", "has-proto": "^1.0.1", "has-symbols": "^1.0.3", "hasown": "^2.0.0" } }, "sha512-5uYhsJH8VJBTv7oslg4BznJYhDoRI6waYCxMmCdnTrcCrHA/fCFKoTFz2JKKE0HdDFUF7/oQuhzumXJK7paBRQ=="],

    "get-stream": ["get-stream@8.0.1", "", {}, "sha512-VaUJspBffn/LMCJVoMvSAdmscJyS1auj5Zulnn5UoYcY531UWmdwhRWkcGKnGU93m5HSXP9LP2usOryrBtQowA=="],

    "gopd": ["gopd@1.0.1", "", { "dependencies": { "get-intrinsic": "^1.1.3" } }, "sha512-d65bNlIadxvpb/A2abVdlqKqV563juRnZ1Wtk6s1sIR8uNsXR70xqIzVqxVf1eTqDunwT2MkczEeaezCKTZhwA=="],

    "has-property-descriptors": ["has-property-descriptors@1.0.2", "", { "dependencies": { "es-define-property": "^1.0.0" } }, "sha512-55JNKuIW+vq4Ke1BjOTjM2YctQIvCT7GFzHwmfZPGo5wnrgkid0YQtnAleFSqumZm4az3n2BS+erby5ipJdgrg=="],

    "has-proto": ["has-proto@1.0.3", "", {}, "sha512-SJ1amZAJUiZS+PhsVLf5tGydlaVB8EdFpaSO4gmiUKUOxk8qzn5AIy4ZeJUmh22znIdk/uMAUT2pl3FxzVUH+Q=="],

    "has-symbols": ["has-symbols@1.0.3", "", {}, "sha512-l3LCuF6MgDNwTDKkdYGEihYjt5pRPbEg46rtlmnSPlUbgmB8LOIrKJbYYFBSbnPaJexMKtiPO8hmeRjRz2Td+A=="],

    "hasown": ["hasown@2.0.2", "", { "dependencies": { "function-bind": "^1.1.2" } }, "sha512-0hJU9SCPvmMzIBdZFqNPXWa6dqh7WdH0cII9y+CyS8rG3nL48Bclra9HmKhVVUHyPWNH5Y7xDwAB7bfgSjkUMQ=="],

    "http-errors": ["http-errors@2.0.0", "", { "dependencies": { "depd": "2.0.0", "inherits": "2.0.4", "setprototypeof": "1.2.0", "statuses": "2.0.1", "toidentifier": "1.0.1" } }, "sha512-FtwrG/euBzaEjYeRqOgly7G0qviiXoJWnvEH2Z1plBdXgbyjv34pHTSb9zoeHMyDy33+DWy5Wt9Wo+TURtOYSQ=="],

    "human-signals": ["human-signals@5.0.0", "", {}, "sha512-AXcZb6vzzrFAUE61HnN4mpLqd/cSIwNQjtNWR0euPm6y0iqx3G4gOXaIDdtdDwZmhwe82LA6+zinmW4UBWVePQ=="],

    "iconv-lite": ["iconv-lite@0.4.24", "", { "dependencies": { "safer-buffer": ">= 2.1.2 < 3" } }, "sha512-v3MXnZAcvnywkTUEZomIActle7RXXeedOR31wwl7VlyoXO4Qi9arvSenNQWne1TcRwhCL1HwLI21bEqdpj8/rA=="],

    "inherits": ["inherits@2.0.4", "", {}, "sha512-k/vGaX4/Yla3WzyMCvTQOXYeIHvqOKtnqBduzTHpzpQZzAskKMhZ2K+EnBiSM9zGSoIFeMpXKxa4dYeZIQqewQ=="],

    "ipaddr.js": ["ipaddr.js@1.9.1", "", {}, "sha512-0KI/607xoxSToH7GjN1FfSbLoU0+btTicjsQSWQlh/hZykN8KpmMf7uYwPW3R+akZ6R/w18ZlXSHBYXiYUPO3g=="],

    "is-stream": ["is-stream@3.0.0", "", {}, "sha512-LnQR4bZ9IADDRSkvpqMGvt/tEJWclzklNgSw48V5EAaAeDd6qGvN8ei6k5p0tvxSR171VmGyHuTiAOfxAbr8kA=="],

    "isexe": ["isexe@2.0.0", "", {}, "sha512-RHxMLp9lnKHGHRng9QFhRCMbYAcVpn69smSGcq3f36xjgVVWThj4qqLbTLlq7Ssj8B+fIQ1EuCEGI2lKsyQeIw=="],

    "js-tokens": ["js-tokens@9.0.0", "", {}, "sha512-WriZw1luRMlmV3LGJaR6QOJjWwgLUTf89OwT2lUOyjX2dJGBwgmIkbcz+7WFZjrZM635JOIR517++e/67CP9dQ=="],

    "local-pkg": ["local-pkg@0.5.0", "", { "dependencies": { "mlly": "^1.4.2", "pkg-types": "^1.0.3" } }, "sha512-ok6z3qlYyCDS4ZEU27HaU6x/xZa9Whf8jD4ptH5UZTQYZVYeb9bnZ3ojVhiJNLiXK1Hfc0GNbLXcmZ5plLDDBg=="],

    "loupe": ["loupe@2.3.7", "", { "dependencies": { "get-func-name": "^2.0.1" } }, "sha512-zSMINGVYkdpYSOBmLi0D1Uo7JU9nVdQKrHxC8eYlV+9YKK9WePqAlL7lSlorG/U2Fw1w0hTBmaa/jrQ3UbPHtA=="],

    "magic-string": ["magic-string@0.30.10", "", { "dependencies": { "@jridgewell/sourcemap-codec": "^1.4.15" } }, "sha512-iIRwTIf0QKV3UAnYK4PU8uiEc4SRh5jX0mwpIwETPpHdhVM4f53RSwS/vXvN1JhGX+Cs7B8qIq3d6AH49O5fAQ=="],

    "media-typer": ["media-typer@0.3.0", "", {}, "sha512-dq+qelQ9akHpcOl/gUVRTxVIOkAJ1wR3QAvb4RsVjS8oVoFjDGTc679wJYmUmknUF5HwMLOgb5O+a3KxfWapPQ=="],

    "merge-descriptors": ["merge-descriptors@1.0.1", "", {}, "sha512-cCi6g3/Zr1iqQi6ySbseM1Xvooa98N0w31jzUYrXPX2xqObmFGHJ0tQ5u74H3mVh7wLouTseZyYIq39g8cNp1w=="],

    "merge-stream": ["merge-stream@2.0.0", "", {}, "sha512-abv/qOcuPfk3URPfDzmZU1LKmuw8kT+0nIHvKrKgFrwifol/doWcdA4ZqsWQ8ENrFKkd67Mfpo/LovbIUsbt3w=="],

    "methods": ["methods@1.1.2", "", {}, "sha512-iclAHeNqNm68zFtnZ0e+1L2yUIdvzNoauKU4WBA3VvH/vPFieF7qfRlwUZU+DA9P9bPXIS90ulxoUoCH23sV2w=="],

    "mime": ["mime@1.6.0", "", { "bin": "cli.js" }, "sha512-x0Vn8spI+wuJ1O6S7gnbaQg8Pxh4NNHb7KSINmEWKiPE4RKOplvijn+NkmYmmRgP68mc70j2EbeTFRsrswaQeg=="],

    "mime-db": ["mime-db@1.52.0", "", {}, "sha512-sPU4uV7dYlvtWJxwwxHD0PuihVNiE7TyAbQ5SWxDCB9mUYvOgroQOwYQQOKPJ8CIbE+1ETVlOoK1UC2nU3gYvg=="],

    "mime-types": ["mime-types@2.1.35", "", { "dependencies": { "mime-db": "1.52.0" } }, "sha512-ZDY+bPm5zTTF+YpCrAU9nK0UgICYPT0QtT1NZWFv4s++TNkcgVaT0g6+4R2uI4MjQjzysHB1zxuWL50hzaeXiw=="],

    "mimic-fn": ["mimic-fn@4.0.0", "", {}, "sha512-vqiC06CuhBTUdZH+RYl8sFrL096vA45Ok5ISO6sE/Mr1jRbGH4Csnhi8f3wKVl7x8mO4Au7Ir9D3Oyv1VYMFJw=="],

    "mlly": ["mlly@1.7.1", "", { "dependencies": { "acorn": "^8.11.3", "pathe": "^1.1.2", "pkg-types": "^1.1.1", "ufo": "^1.5.3" } }, "sha512-rrVRZRELyQzrIUAVMHxP97kv+G786pHmOKzuFII8zDYahFBS7qnHh2AlYSl1GAHhaMPCz6/oHjVMcfFYgFYHgA=="],

    "ms": ["ms@2.0.0", "", {}, "sha512-Tpp60P6IUJDTuOq/5Z8cdskzJujfwqfOTkrwIwj7IRISpnkJnT6SyJ4PCPnGMoFjC9ddhal5KVIYtAt97ix05A=="],

    "nanoid": ["nanoid@3.3.7", "", { "bin": "bin/nanoid.cjs" }, "sha512-eSRppjcPIatRIMC1U6UngP8XFcz8MQWGQdt1MTBQ7NaAmvXDfvNxbvWV3x2y6CdEUciCSsDHDQZbhYaB8QEo2g=="],

    "negotiator": ["negotiator@0.6.3", "", {}, "sha512-+EUsqGPLsM+j/zdChZjsnX51g4XrHFOIXwfnCVPGlQk/k5giakcKsuxCObBRu6DSm9opw/O6slWbJdghQM4bBg=="],

    "npm-run-path": ["npm-run-path@5.3.0", "", { "dependencies": { "path-key": "^4.0.0" } }, "sha512-ppwTtiJZq0O/ai0z7yfudtBpWIoxM8yE6nHi1X47eFR2EWORqfbu6CnPlNsjeN683eT0qG6H/Pyf9fCcvjnnnQ=="],

    "object-inspect": ["object-inspect@1.13.2", "", {}, "sha512-IRZSRuzJiynemAXPYtPe5BoI/RESNYR7TYm50MC5Mqbd3Jmw5y790sErYw3V6SryFJD64b74qQQs9wn5Bg/k3g=="],

    "on-finished": ["on-finished@2.4.1", "", { "dependencies": { "ee-first": "1.1.1" } }, "sha512-oVlzkg3ENAhCk2zdv7IJwd/QUD4z2RxRwpkcGY8psCVcCYZNq4wYnVWALHM+brtuJjePWiYF/ClmuDr8Ch5+kg=="],

    "onetime": ["onetime@6.0.0", "", { "dependencies": { "mimic-fn": "^4.0.0" } }, "sha512-1FlR+gjXK7X+AsAHso35MnyN5KqGwJRi/31ft6x0M194ht7S+rWAvd7PHss9xSKMzE0asv1pyIHaJYq+BbacAQ=="],

    "p-limit": ["p-limit@5.0.0", "", { "dependencies": { "yocto-queue": "^1.0.0" } }, "sha512-/Eaoq+QyLSiXQ4lyYV23f14mZRQcXnxfHrN0vCai+ak9G0pp9iEQukIIZq5NccEvwRB8PUnZT0KsOoDCINS1qQ=="],

    "parseurl": ["parseurl@1.3.3", "", {}, "sha512-CiyeOxFT/JZyN5m0z9PfXw4SCBJ6Sygz1Dpl0wqjlhDEGGBP1GnsUVEL0p63hoG1fcj3fHynXi9NYO4nWOL+qQ=="],

    "path-key": ["path-key@3.1.1", "", {}, "sha512-ojmeN0qd+y0jszEtoY48r0Peq5dwMEkIlCOu6Q5f41lfkswXuKtYrhgoTpLnyIcHm24Uhqx+5Tqm2InSwLhE6Q=="],

    "path-to-regexp": ["path-to-regexp@0.1.7", "", {}, "sha512-5DFkuoqlv1uYQKxy8omFBeJPQcdoE07Kv2sferDCrAq1ohOU+MSDswDIbnx3YAM60qIOnYa53wBhXW0EbMonrQ=="],

    "pathe": ["pathe@1.1.2", "", {}, "sha512-whLdWMYL2TwI08hn8/ZqAbrVemu0LNaNNJZX73O6qaIdCTfXutsLhMkjdENX0qhsQ9uIimo4/aQOmXkoon2nDQ=="],

    "pathval": ["pathval@1.1.1", "", {}, "sha512-Dp6zGqpTdETdR63lehJYPeIOqpiNBNtc7BpWSLrOje7UaIsE5aY92r/AunQA7rsXvet3lrJ3JnZX29UPTKXyKQ=="],

    "picocolors": ["picocolors@1.0.1", "", {}, "sha512-anP1Z8qwhkbmu7MFP5iTt+wQKXgwzf7zTyGlcdzabySa9vd0Xt392U0rVmz9poOaBj0uHJKyyo9/upk0HrEQew=="],

    "pkg-types": ["pkg-types@1.1.1", "", { "dependencies": { "confbox": "^0.1.7", "mlly": "^1.7.0", "pathe": "^1.1.2" } }, "sha512-ko14TjmDuQJ14zsotODv7dBlwxKhUKQEhuhmbqo1uCi9BB0Z2alo/wAXg6q1dTR5TyuqYyWhjtfe/Tsh+X28jQ=="],

    "postcss": ["postcss@8.4.38", "", { "dependencies": { "nanoid": "^3.3.7", "picocolors": "^1.0.0", "source-map-js": "^1.2.0" } }, "sha512-Wglpdk03BSfXkHoQa3b/oulrotAkwrlLDRSOb9D0bN86FdRyE9lppSp33aHNPgBa0JKCoB+drFLZkQoRRYae5A=="],

    "pretty-format": ["pretty-format@29.7.0", "", { "dependencies": { "@jest/schemas": "^29.6.3", "ansi-styles": "^5.0.0", "react-is": "^18.0.0" } }, "sha512-Pdlw/oPxN+aXdmM9R00JVC9WVFoCLTKJvDVLgmJ+qAffBMxsV85l/Lu7sNx4zSzPyoL2euImuEwHhOXdEgNFZQ=="],

    "proxy-addr": ["proxy-addr@2.0.7", "", { "dependencies": { "forwarded": "0.2.0", "ipaddr.js": "1.9.1" } }, "sha512-llQsMLSUDUPT44jdrU/O37qlnifitDP+ZwrmmZcoSKyLKvtZxpyV0n2/bD/N4tBAAZ/gJEdZU7KMraoK1+XYAg=="],

    "qs": ["qs@6.11.0", "", { "dependencies": { "side-channel": "^1.0.4" } }, "sha512-MvjoMCJwEarSbUYk5O+nmoSzSutSsTwF85zcHPQ9OrlFoZOYIjaqBAJIqIXjptyD5vThxGq52Xu/MaJzRkIk4Q=="],

    "range-parser": ["range-parser@1.2.1", "", {}, "sha512-Hrgsx+orqoygnmhFbKaHE6c296J+HTAQXoxEF6gNupROmmGJRoyzfG3ccAveqCBrwr/2yxQ5BVd/GTl5agOwSg=="],

    "raw-body": ["raw-body@2.5.2", "", { "dependencies": { "bytes": "3.1.2", "http-errors": "2.0.0", "iconv-lite": "0.4.24", "unpipe": "1.0.0" } }, "sha512-8zGqypfENjCIqGhgXToC8aB2r7YrBX+AQAfIPs/Mlk+BtPTztOvTS01NRW/3Eh60J+a48lt8qsCzirQ6loCVfA=="],

    "react-is": ["react-is@18.3.1", "", {}, "sha512-/LLMVyas0ljjAtoYiPqYiL8VWXzUUdThrmU5+n20DZv+a+ClRoevUzw5JxU+Ieh5/c87ytoTBV9G1FiKfNJdmg=="],

    "redis": ["redis@4.6.14", "", { "dependencies": { "@redis/bloom": "1.2.0", "@redis/client": "1.5.16", "@redis/graph": "1.1.1", "@redis/json": "1.0.6", "@redis/search": "1.1.6", "@redis/time-series": "1.0.5" } }, "sha512-GrNg/e33HtsQwNXL7kJT+iNFPSwE1IPmd7wzV3j4f2z0EYxZfZE7FVTmUysgAtqQQtg5NXF5SNLR9OdO/UHOfw=="],

    "rollup": ["rollup@4.18.0", "", { "dependencies": { "@types/estree": "1.0.5" }, "optionalDependencies": { "@rollup/rollup-android-arm-eabi": "4.18.0", "@rollup/rollup-android-arm64": "4.18.0", "@rollup/rollup-darwin-arm64": "4.18.0", "@rollup/rollup-darwin-x64": "4.18.0", "@rollup/rollup-linux-arm-gnueabihf": "4.18.0", "@rollup/rollup-linux-arm-musleabihf": "4.18.0", "@rollup/rollup-linux-arm64-gnu": "4.18.0", "@rollup/rollup-linux-arm64-musl": "4.18.0", "@rollup/rollup-linux-powerpc64le-gnu": "4.18.0", "@rollup/rollup-linux-riscv64-gnu": "4.18.0", "@rollup/rollup-linux-s390x-gnu": "4.18.0", "@rollup/rollup-linux-x64-gnu": "4.18.0", "@rollup/rollup-linux-x64-musl": "4.18.0", "@rollup/rollup-win32-arm64-msvc": "4.18.0", "@rollup/rollup-win32-ia32-msvc": "4.18.0", "@rollup/rollup-win32-x64-msvc": "4.18.0", "fsevents": "~2.3.2" }, "bin": "dist/bin/rollup" }, "sha512-QmJz14PX3rzbJCN1SG4Xe/bAAX2a6NpCP8ab2vfu2GiUr8AQcr2nCV/oEO3yneFarB67zk8ShlIyWb2LGTb3Sg=="],

    "safe-buffer": ["safe-buffer@5.2.1", "", {}, "sha512-rp3So07KcdmmKbGvgaNxQSJr7bGVSVk5S9Eq1F+ppbRo70+YeaDxkw5Dd8NPN+GD6bjnYm2VuPuCXmpuYvmCXQ=="],

    "safer-buffer": ["safer-buffer@2.1.2", "", {}, "sha512-YZo3K82SD7Riyi0E1EQPojLz7kpepnSQI9IyPbHHg1XXXevb5dJI7tpyN2ADxGcQbHG7vcyRHk0cbwqcQriUtg=="],

    "send": ["send@0.18.0", "", { "dependencies": { "debug": "2.6.9", "depd": "2.0.0", "destroy": "1.2.0", "encodeurl": "~1.0.2", "escape-html": "~1.0.3", "etag": "~1.8.1", "fresh": "0.5.2", "http-errors": "2.0.0", "mime": "1.6.0", "ms": "2.1.3", "on-finished": "2.4.1", "range-parser": "~1.2.1", "statuses": "2.0.1" } }, "sha512-qqWzuOjSFOuqPjFe4NOsMLafToQQwBSOEpS+FwEt3A2V3vKubTquT3vmLTQpFgMXp8AlFWFuP1qKaJZOtPpVXg=="],

    "serve-static": ["serve-static@1.15.0", "", { "dependencies": { "encodeurl": "~1.0.2", "escape-html": "~1.0.3", "parseurl": "~1.3.3", "send": "0.18.0" } }, "sha512-XGuRDNjXUijsUL0vl6nSD7cwURuzEgglbOaFuZM9g3kwDXOWVTck0jLzjPzGD+TazWbboZYu52/9/XPdUgne9g=="],

    "set-function-length": ["set-function-length@1.2.2", "", { "dependencies": { "define-data-property": "^1.1.4", "es-errors": "^1.3.0", "function-bind": "^1.1.2", "get-intrinsic": "^1.2.4", "gopd": "^1.0.1", "has-property-descriptors": "^1.0.2" } }, "sha512-pgRc4hJ4/sNjWCSS9AmnS40x3bNMDTknHgL5UaMBTMyJnU90EgWh1Rz+MC9eFu4BuN/UwZjKQuY/1v3rM7HMfg=="],

    "setprototypeof": ["setprototypeof@1.2.0", "", {}, "sha512-E5LDX7Wrp85Kil5bhZv46j8jOeboKq5JMmYM3gVGdGH8xFpPWXUMsNrlODCrkoxMEeNi/XZIwuRvY4XNwYMJpw=="],

    "shebang-command": ["shebang-command@2.0.0", "", { "dependencies": { "shebang-regex": "^3.0.0" } }, "sha512-kHxr2zZpYtdmrN1qDjrrX/Z1rR1kG8Dx+gkpK1G4eXmvXswmcE1hTWBWYUzlraYw1/yZp6YuDY77YtvbN0dmDA=="],

    "shebang-regex": ["shebang-regex@3.0.0", "", {}, "sha512-7++dFhtcx3353uBaq8DDR4NuxBetBzC7ZQOhmTQInHEd6bSrXdiEyzCvG07Z44UYdLShWUyXt5M/yhz8ekcb1A=="],

    "side-channel": ["side-channel@1.0.6", "", { "dependencies": { "call-bind": "^1.0.7", "es-errors": "^1.3.0", "get-intrinsic": "^1.2.4", "object-inspect": "^1.13.1" } }, "sha512-fDW/EZ6Q9RiO8eFG8Hj+7u/oW+XrPTIChwCOM2+th2A6OblDtYYIpve9m+KvI9Z4C9qSEXlaGR6bTEYHReuglA=="],

    "siginfo": ["siginfo@2.0.0", "", {}, "sha512-ybx0WO1/8bSBLEWXZvEd7gMW3Sn3JFlW3TvX1nREbDLRNQNaeNN8WK0meBwPdAaOI7TtRRRJn/Es1zhrrCHu7g=="],

    "signal-exit": ["signal-exit@4.1.0", "", {}, "sha512-bzyZ1e88w9O1iNJbKnOlvYTrWPDl46O1bG0D3XInv+9tkPrxrN8jUUTiFlDkkmKWgn1M6CfIA13SuGqOa9Korw=="],

    "source-map-js": ["source-map-js@1.2.0", "", {}, "sha512-itJW8lvSA0TXEphiRoawsCksnlf8SyvmFzIhltqAHluXd88pkCd+cXJVHTDwdCr0IzwptSm035IHQktUu1QUMg=="],

    "stackback": ["stackback@0.0.2", "", {}, "sha512-1XMJE5fQo1jGH6Y/7ebnwPOBEkIEnT4QF32d5R1+VXdXveM0IBMJt8zfaxX1P3QhVwrYe+576+jkANtSS2mBbw=="],

    "statuses": ["statuses@2.0.1", "", {}, "sha512-RwNA9Z/7PrK06rYLIzFMlaF+l73iwpzsqRIFgbMLbTcLD6cOao82TaWefPXQvB2fOC4AjuYSEndS7N/mTCbkdQ=="],

    "std-env": ["std-env@3.7.0", "", {}, "sha512-JPbdCEQLj1w5GilpiHAx3qJvFndqybBysA3qUOnznweH4QbNYUsW/ea8QzSrnh0vNsezMMw5bcVool8lM0gwzg=="],

    "strip-final-newline": ["strip-final-newline@3.0.0", "", {}, "sha512-dOESqjYr96iWYylGObzd39EuNTa5VJxyvVAEm5Jnh7KGo75V43Hk1odPQkNDyXNmUR6k+gEiDVXnjB8HJ3crXw=="],

    "strip-literal": ["strip-literal@2.1.0", "", { "dependencies": { "js-tokens": "^9.0.0" } }, "sha512-Op+UycaUt/8FbN/Z2TWPBLge3jWrP3xj10f3fnYxf052bKuS3EKs1ZQcVGjnEMdsNVAM+plXRdmjrZ/KgG3Skw=="],

    "tinybench": ["tinybench@2.8.0", "", {}, "sha512-1/eK7zUnIklz4JUUlL+658n58XO2hHLQfSk1Zf2LKieUjxidN16eKFEoDEfjHc3ohofSSqK3X5yO6VGb6iW8Lw=="],

    "tinypool": ["tinypool@0.8.4", "", {}, "sha512-i11VH5gS6IFeLY3gMBQ00/MmLncVP7JLXOw1vlgkytLmJK7QnEr7NXf0LBdxfmNPAeyetukOk0bOYrJrFGjYJQ=="],

    "tinyspy": ["tinyspy@2.2.1", "", {}, "sha512-KYad6Vy5VDWV4GH3fjpseMQ/XU2BhIYP7Vzd0LG44qRWm/Yt2WCOTicFdvmgo6gWaqooMQCawTtILVQJupKu7A=="],

    "toidentifier": ["toidentifier@1.0.1", "", {}, "sha512-o5sSPKEkg/DIQNmH43V0/uerLrpzVedkUh8tGNvaeXpfpuwjKenlSox/2O/BTlZUtEe+JG7s5YhEz608PlAHRA=="],

    "type-detect": ["type-detect@4.0.8", "", {}, "sha512-0fr/mIH1dlO+x7TlcMy+bIDqKPsw/70tVyeHW787goQjhmqaZe10uwLujubK9q9Lg6Fiho1KUKDYz0Z7k7g5/g=="],

    "type-is": ["type-is@1.6.18", "", { "dependencies": { "media-typer": "0.3.0", "mime-types": "~2.1.24" } }, "sha512-TkRKr9sUTxEH8MdfuCSP7VizJyzRNMjj2J2do2Jr3Kym598JVdEksuzPQCnlFPW4ky9Q+iA+ma9BGm06XQBy8g=="],

    "ufo": ["ufo@1.5.3", "", {}, "sha512-Y7HYmWaFwPUmkoQCUIAYpKqkOf+SbVj/2fJJZ4RJMCfZp0rTGwRbzQD+HghfnhKOjL9E01okqz+ncJskGYfBNw=="],

    "undici-types": ["undici-types@5.26.5", "", {}, "sha512-JlCMO+ehdEIKqlFxk6IfVoAUVmgz7cU7zD/h9XZ0qzeosSHmUJVOzSQvvYSYWXkFXC+IfLKSIffhv0sVZup6pA=="],

    "unpipe": ["unpipe@1.0.0", "", {}, "sha512-pjy2bYhSsufwWlKwPc+l3cN7+wuJlK6uz0YdJEOlQDbl6jo/YlPi4mb8agUkVC8BF7V8NuzeyPNqRksA3hztKQ=="],

    "utils-merge": ["utils-merge@1.0.1", "", {}, "sha512-pMZTvIkT1d+TFGvDOqodOclx0QWkkgi6Tdoa8gC8ffGAAqz9pzPTZWAybbsHHoED/ztMtkv/VoYTYyShUn81hA=="],

    "vary": ["vary@1.1.2", "", {}, "sha512-BNGbWLfd0eUPabhkXUVm0j8uuvREyTh5ovRa/dyow/BqAbZJyC+5fU+IzQOzmAKzYqYRAISoRhdQr3eIZ/PXqg=="],

    "vite": ["vite@5.3.2", "", { "dependencies": { "esbuild": "^0.21.3", "postcss": "^8.4.38", "rollup": "^4.13.0" }, "optionalDependencies": { "fsevents": "~2.3.3" }, "peerDependencies": { "@types/node": "^18.0.0 || >=20.0.0", "less": "*", "lightningcss": "^1.21.0", "sass": "*", "stylus": "*", "sugarss": "*", "terser": "^5.4.0" }, "optionalPeers": ["less", "lightningcss", "sass", "stylus", "sugarss", "terser"], "bin": "bin/vite.js" }, "sha512-6lA7OBHBlXUxiJxbO5aAY2fsHHzDr1q7DvXYnyZycRs2Dz+dXBWuhpWHvmljTRTpQC2uvGmUFFkSHF2vGo90MA=="],

    "vite-node": ["vite-node@1.6.0", "", { "dependencies": { "cac": "^6.7.14", "debug": "^4.3.4", "pathe": "^1.1.1", "picocolors": "^1.0.0", "vite": "^5.0.0" }, "bin": "vite-node.mjs" }, "sha512-de6HJgzC+TFzOu0NTC4RAIsyf/DY/ibWDYQUcuEA84EMHhcefTUGkjFHKKEJhQN4A+6I0u++kr3l36ZF2d7XRw=="],

    "vitest": ["vitest@1.6.0", "", { "dependencies": { "@vitest/expect": "1.6.0", "@vitest/runner": "1.6.0", "@vitest/snapshot": "1.6.0", "@vitest/spy": "1.6.0", "@vitest/utils": "1.6.0", "acorn-walk": "^8.3.2", "chai": "^4.3.10", "debug": "^4.3.4", "execa": "^8.0.1", "local-pkg": "^0.5.0", "magic-string": "^0.30.5", "pathe": "^1.1.1", "picocolors": "^1.0.0", "std-env": "^3.5.0", "strip-literal": "^2.0.0", "tinybench": "^2.5.1", "tinypool": "^0.8.3", "vite": "^5.0.0", "vite-node": "1.6.0", "why-is-node-running": "^2.2.2" }, "peerDependencies": { "@edge-runtime/vm": "*", "@types/node": "^18.0.0 || >=20.0.0", "@vitest/browser": "1.6.0", "@vitest/ui": "1.6.0", "happy-dom": "*", "jsdom": "*" }, "optionalPeers": ["@edge-runtime/vm", "@vitest/browser", "@vitest/ui", "happy-dom", "jsdom"], "bin": "vitest.mjs" }, "sha512-H5r/dN06swuFnzNFhq/dnz37bPXnq8xB2xB5JOVk8K09rUtoeNN+LHWkoQ0A/i3hvbUKKcCei9KpbxqHMLhLLA=="],

    "which": ["which@2.0.2", "", { "dependencies": { "isexe": "^2.0.0" }, "bin": { "node-which": "bin/node-which" } }, "sha512-BLI3Tl1TW3Pvl70l3yq3Y64i+awpwXqsGBYWkkqMtnbXgrMD+yj7rhW0kuEDxzJaYXGjEW5ogapKNMEKNMjibA=="],

    "why-is-node-running": ["why-is-node-running@2.2.2", "", { "dependencies": { "siginfo": "^2.0.0", "stackback": "0.0.2" }, "bin": "cli.js" }, "sha512-6tSwToZxTOcotxHeA+qGCq1mVzKR3CwcJGmVcY+QE8SHy6TnpFnh8PAvPNHYr7EcuVeG0QSMxtYCuO1ta/G/oA=="],

    "yallist": ["yallist@4.0.0", "", {}, "sha512-3wdGidZyq5PB084XLES5TpOSRA3wjXAlIWMhum2kRcv/41Sn2emQ0dycQW4uZXLejwKvg6EsvbdlVL+FYEct7A=="],

    "yocto-queue": ["yocto-queue@1.1.0", "", {}, "sha512-cMojmlnwkAgIXqga+2sXshlgrrcI0QEPJ5n58pEvtuFo4PaekfomlCudArDD7hj8Hkswjl0/x4eu4q+Xa0WFgQ=="],

    "npm-run-path/path-key": ["path-key@4.0.0", "", {}, "sha512-haREypq7xkM7ErfgIyA0z+Bj4AGKlMSdlQE2jvJo6huWD1EdkKYV+G/T4nq0YEF2vgTT8kqMFKo1uHn950r4SQ=="],

    "send/ms": ["ms@2.1.3", "", {}, "sha512-6FlzubTLZG3J2a/NVCAleEhjzq5oxgHyaCU9yYXvcLsvoVaHJq/s5xXI6/XXP6tz7R9xAOtHnSO/tXtF3WRTlA=="],

    "vite-node/debug": ["debug@4.3.5", "", { "dependencies": { "ms": "2.1.2" } }, "sha512-pt0bNEmneDIvdL1Xsd9oDQ/wrQRkXDT4AUWlNZNPKvW5x/jyO9VFXkJUP07vQ2upmw5PlaITaPKc31jK13V+jg=="],

    "vitest/debug": ["debug@4.3.5", "", { "dependencies": { "ms": "2.1.2" } }, "sha512-pt0bNEmneDIvdL1Xsd9oDQ/wrQRkXDT4AUWlNZNPKvW5x/jyO9VFXkJUP07vQ2upmw5PlaITaPKc31jK13V+jg=="],

    "vite-node/debug/ms": ["ms@2.1.2", "", {}, "sha512-sGkPx+VjMtmA6MX27oA4FBFELFCZZ4S4XqeGOXCv68tT+jb3vk/RyaKWP0PTKyWtmLSM0b+adUTEvbs1PEaH2w=="],

    "vitest/debug/ms": ["ms@2.1.2", "", {}, "sha512-sGkPx+VjMtmA6MX27oA4FBFELFCZZ4S4XqeGOXCv68tT+jb3vk/RyaKWP0PTKyWtmLSM0b+adUTEvbs1PEaH2w=="],
  }
}
